
Microsoft Visual Studio Solution File, Format Version 12.00
# Visual Studio Version 17
VisualStudioVersion = 17.3.32825.248
MinimumVisualStudioVersion = 10.0.40219.1
Project("{9A19103F-16F7-4668-BE54-9A1E7A4F7556}") = "PizzaShop", "PizzaSite\PizzaShop.csproj", "{D12C92AB-146D-48C5-B621-611D49FB5E54}"
EndProject
Project("{2150E333-8FDC-42A3-9474-1A3956D46DE8}") = "Solution Items", "Solution Items", "{670F5447-43E5-4C83-B2C6-D2B4AC64C2CD}"
	ProjectSection(SolutionItems) = preProject
		readme.md = readme.md
		publishing.md = publishing.md
	EndProjectSection
EndProject
Project("{9A19103F-16F7-4668-BE54-9A1E7A4F7556}") = "MinApi", "MinApi\MinApi.csproj", "{B34C027E-4190-437F-B4BF-F561BA5F2B1E}"
EndProject
Project("{9A19103F-16F7-4668-BE54-9A1E7A4F7556}") = "MinimalAPIs", "MiniApi1\MinimalAPIs.csproj", "{6032A9C6-383C-43B8-B6A7-38C9B3392A35}"
EndProject
Project("{2150E333-8FDC-42A3-9474-1A3956D46DE8}") = "Other", "Other", "{2FB1E52A-61CD-4D94-88CE-D5CBD795361E}"
EndProject
Global
	GlobalSection(SolutionConfigurationPlatforms) = preSolution
		Debug|Any CPU = Debug|Any CPU
		Release|Any CPU = Release|Any CPU
	EndGlobalSection
	GlobalSection(ProjectConfigurationPlatforms) = postSolution
		{D12C92AB-146D-48C5-B621-611D49FB5E54}.Debug|Any CPU.ActiveCfg = Debug|Any CPU
		{D12C92AB-146D-48C5-B621-611D49FB5E54}.Debug|Any CPU.Build.0 = Debug|Any CPU
		{D12C92AB-146D-48C5-B621-611D49FB5E54}.Release|Any CPU.ActiveCfg = Release|Any CPU
		{D12C92AB-146D-48C5-B621-611D49FB5E54}.Release|Any CPU.Build.0 = Release|Any CPU
		{B34C027E-4190-437F-B4BF-F561BA5F2B1E}.Debug|Any CPU.ActiveCfg = Debug|Any CPU
		{B34C027E-4190-437F-B4BF-F561BA5F2B1E}.Debug|Any CPU.Build.0 = Debug|Any CPU
		{B34C027E-4190-437F-B4BF-F561BA5F2B1E}.Release|Any CPU.ActiveCfg = Release|Any CPU
		{B34C027E-4190-437F-B4BF-F561BA5F2B1E}.Release|Any CPU.Build.0 = Release|Any CPU
		{6032A9C6-383C-43B8-B6A7-38C9B3392A35}.Debug|Any CPU.ActiveCfg = Debug|Any CPU
		{6032A9C6-383C-43B8-B6A7-38C9B3392A35}.Debug|Any CPU.Build.0 = Debug|Any CPU
		{6032A9C6-383C-43B8-B6A7-38C9B3392A35}.Release|Any CPU.ActiveCfg = Release|Any CPU
		{6032A9C6-383C-43B8-B6A7-38C9B3392A35}.Release|Any CPU.Build.0 = Release|Any CPU
	EndGlobalSection
	GlobalSection(SolutionProperties) = preSolution
		HideSolutionNode = FALSE
	EndGlobalSection
	GlobalSection(NestedProjects) = preSolution
		{B34C027E-4190-437F-B4BF-F561BA5F2B1E} = {2FB1E52A-61CD-4D94-88CE-D5CBD795361E}
		{6032A9C6-383C-43B8-B6A7-38C9B3392A35} = {2FB1E52A-61CD-4D94-88CE-D5CBD795361E}
	EndGlobalSection
	GlobalSection(ExtensibilityGlobals) = postSolution
		SolutionGuid = {1F4B10F1-AC9C-457D-8328-29B679EF90B7}
	EndGlobalSection
EndGlobal
